
Microsoft Visual Studio Solution File, Format Version 12.00
# Visual Studio Version 17
VisualStudioVersion = 17.3.32929.385
MinimumVisualStudioVersion = 10.0.40219.1
Project("{8BC9CEB8-8B4A-11D0-8D11-00A0C91BC942}") = "TripTalker", "TripTalker.vcxproj", "{911ED442-F61D-46C7-8857-B4E3A9BF442A}"
EndProject
Global
	GlobalSection(SolutionConfigurationPlatforms) = preSolution
		Debug|x64 = Debug|x64
		Debug|x86 = Debug|x86
		Release|x64 = Release|x64
		Release|x86 = Release|x86
	EndGlobalSection
	GlobalSection(ProjectConfigurationPlatforms) = postSolution
		{911ED442-F61D-46C7-8857-B4E3A9BF442A}.Debug|x64.ActiveCfg = Debug|x64
		{911ED442-F61D-46C7-8857-B4E3A9BF442A}.Debug|x64.Build.0 = Debug|x64
		{911ED442-F61D-46C7-8857-B4E3A9BF442A}.Debug|x86.ActiveCfg = Debug|Win32
		{911ED442-F61D-46C7-8857-B4E3A9BF442A}.Debug|x86.Build.0 = Debug|Win32
		{911ED442-F61D-46C7-8857-B4E3A9BF442A}.Release|x64.ActiveCfg = Release|x64
		{911ED442-F61D-46C7-8857-B4E3A9BF442A}.Release|x64.Build.0 = Release|x64
		{911ED442-F61D-46C7-8857-B4E3A9BF442A}.Release|x86.ActiveCfg = Release|Win32
		{911ED442-F61D-46C7-8857-B4E3A9BF442A}.Release|x86.Build.0 = Release|Win32
	EndGlobalSection
	GlobalSection(SolutionProperties) = preSolution
		HideSolutionNode = FALSE
	EndGlobalSection
	GlobalSection(ExtensibilityGlobals) = postSolution
		SolutionGuid = {57E81832-0A74-4F39-8E63-F4BB6C70E1E1}
	EndGlobalSection
EndGlobal
